PODS:
  - Alamofire (4.3.0)
  - KeyClip (1.4.0)
  - PKHUD (4.2.0)
  - RevealingSplashView (0.1.0)
  - RichEditorView (3.2.0)
  - SDWebImage (3.8.2):
    - SDWebImage/Core (= 3.8.2)
  - SDWebImage/Core (3.8.2)
  - XLActionController (3.0.1):
    - XLActionController/Core (= 3.0.1)
  - XLActionController/Core (3.0.1)
  - XLActionController/Youtube (3.0.1):
    - XLActionController/Core

DEPENDENCIES:
  - Alamofire (~> 4.3)
  - KeyClip
  - PKHUD (~> 4.0)
  - RevealingSplashView
  - RichEditorView (from `https://github.com/cjwirth/RichEditorView`, branch `swift-3`)
  - SDWebImage (~> 3.8)
  - XLActionController
  - XLActionController/Youtube

EXTERNAL SOURCES:
  RichEditorView:
    :branch: swift-3
    :git: https://github.com/cjwirth/RichEditorView

CHECKOUT OPTIONS:
  RichEditorView:
    :commit: 2cc2633d2e711b3af45912b2718b4df1c360b8f5
    :git: https://github.com/cjwirth/RichEditorView

SPEC CHECKSUMS:
  Alamofire: 856a113053a7bc9cbe5d6367a555d773fc5cfef7
  KeyClip: 2768bf4e68dac11f96efaa666c63a8eb14d4b866
  PKHUD: 48af884cf00c2213b0313b739d914e6cab1c0f5e
  RevealingSplashView: 501dd03d975ba2c4165dd463ea1c7c407fb9d13e
  RichEditorView: b4ee60a4f5301cbe8f3fcb1f065cdd7de74ddd10
  SDWebImage: 098e97e6176540799c27e804c96653ee0833d13c
  XLActionController: 57fe0ce1642e2eed971b188b490762345fdbf963

PODFILE CHECKSUM: 93bc6de82ac172059f8d67c7d39cc87c689dc22f

COCOAPODS: 1.2.0
